
Microsoft Visual Studio Solution File, Format Version 12.00
# Visual Studio Version 17
VisualStudioVersion = 17.0.32014.148
MinimumVisualStudioVersion = 10.0.40219.1
Project("{FAE04EC0-301F-11D3-BF4B-00C04F79EFBC}") = "ProductRegisterCrud", "ProductRegisterCrud\ProductRegisterCrud.csproj", "{EFB2B56D-3AB3-4C2D-8C5E-55E1C7085FB4}"
EndProject
Global
	GlobalSection(SolutionConfigurationPlatforms) = preSolution
		Debug|Any CPU = Debug|Any CPU
		Release|Any CPU = Release|Any CPU
	EndGlobalSection
	GlobalSection(ProjectConfigurationPlatforms) = postSolution
		{EFB2B56D-3AB3-4C2D-8C5E-55E1C7085FB4}.Debug|Any CPU.ActiveCfg = Debug|Any CPU
		{EFB2B56D-3AB3-4C2D-8C5E-55E1C7085FB4}.Debug|Any CPU.Build.0 = Debug|Any CPU
		{EFB2B56D-3AB3-4C2D-8C5E-55E1C7085FB4}.Release|Any CPU.ActiveCfg = Release|Any CPU
		{EFB2B56D-3AB3-4C2D-8C5E-55E1C7085FB4}.Release|Any CPU.Build.0 = Release|Any CPU
	EndGlobalSection
	GlobalSection(SolutionProperties) = preSolution
		HideSolutionNode = FALSE
	EndGlobalSection
	GlobalSection(ExtensibilityGlobals) = postSolution
		SolutionGuid = {ACC01DC8-23C7-47E8-92AE-3CE8B1B5753C}
	EndGlobalSection
EndGlobal
